
Microsoft Visual Studio Solution File, Format Version 12.00
# Visual Studio Version 16
VisualStudioVersion = 16.0.32901.82
MinimumVisualStudioVersion = 10.0.40219.1
Project("{8BC9CEB8-8B4A-11D0-8D11-00A0C91BC942}") = "4.2", "4.2\4.2.vcxproj", "{70D2B0D8-EAC9-4A40-8E6B-B69CA313BBCA}"
EndProject
Global
	GlobalSection(SolutionConfigurationPlatforms) = preSolution
		Debug|x64 = Debug|x64
		Debug|x86 = Debug|x86
		Release|x64 = Release|x64
		Release|x86 = Release|x86
	EndGlobalSection
	GlobalSection(ProjectConfigurationPlatforms) = postSolution
		{70D2B0D8-EAC9-4A40-8E6B-B69CA313BBCA}.Debug|x64.ActiveCfg = Debug|x64
		{70D2B0D8-EAC9-4A40-8E6B-B69CA313BBCA}.Debug|x64.Build.0 = Debug|x64
		{70D2B0D8-EAC9-4A40-8E6B-B69CA313BBCA}.Debug|x86.ActiveCfg = Debug|Win32
		{70D2B0D8-EAC9-4A40-8E6B-B69CA313BBCA}.Debug|x86.Build.0 = Debug|Win32
		{70D2B0D8-EAC9-4A40-8E6B-B69CA313BBCA}.Release|x64.ActiveCfg = Release|x64
		{70D2B0D8-EAC9-4A40-8E6B-B69CA313BBCA}.Release|x64.Build.0 = Release|x64
		{70D2B0D8-EAC9-4A40-8E6B-B69CA313BBCA}.Release|x86.ActiveCfg = Release|Win32
		{70D2B0D8-EAC9-4A40-8E6B-B69CA313BBCA}.Release|x86.Build.0 = Release|Win32
	EndGlobalSection
	GlobalSection(SolutionProperties) = preSolution
		HideSolutionNode = FALSE
	EndGlobalSection
	GlobalSection(ExtensibilityGlobals) = postSolution
		SolutionGuid = {D40EDAF9-87F4-4587-A096-E071863CBA85}
	EndGlobalSection
EndGlobal
