
Microsoft Visual Studio Solution File, Format Version 12.00
# Visual Studio Version 16
VisualStudioVersion = 16.0.32802.440
MinimumVisualStudioVersion = 10.0.40219.1
Project("{8BC9CEB8-8B4A-11D0-8D11-00A0C91BC942}") = "1", "1\1.vcxproj", "{A9384987-2240-41BA-9159-43B254B7BBD0}"
EndProject
Global
	GlobalSection(SolutionConfigurationPlatforms) = preSolution
		Debug|x64 = Debug|x64
		Debug|x86 = Debug|x86
		Release|x64 = Release|x64
		Release|x86 = Release|x86
	EndGlobalSection
	GlobalSection(ProjectConfigurationPlatforms) = postSolution
		{A9384987-2240-41BA-9159-43B254B7BBD0}.Debug|x64.ActiveCfg = Debug|x64
		{A9384987-2240-41BA-9159-43B254B7BBD0}.Debug|x64.Build.0 = Debug|x64
		{A9384987-2240-41BA-9159-43B254B7BBD0}.Debug|x86.ActiveCfg = Debug|Win32
		{A9384987-2240-41BA-9159-43B254B7BBD0}.Debug|x86.Build.0 = Debug|Win32
		{A9384987-2240-41BA-9159-43B254B7BBD0}.Release|x64.ActiveCfg = Release|x64
		{A9384987-2240-41BA-9159-43B254B7BBD0}.Release|x64.Build.0 = Release|x64
		{A9384987-2240-41BA-9159-43B254B7BBD0}.Release|x86.ActiveCfg = Release|Win32
		{A9384987-2240-41BA-9159-43B254B7BBD0}.Release|x86.Build.0 = Release|Win32
	EndGlobalSection
	GlobalSection(SolutionProperties) = preSolution
		HideSolutionNode = FALSE
	EndGlobalSection
	GlobalSection(ExtensibilityGlobals) = postSolution
		SolutionGuid = {FAF12415-801C-4139-A8A6-778315D7B176}
	EndGlobalSection
EndGlobal
